Microsoft Visual Studio Solution File, Format Version 11.00
# Visual Studio 2008

Project("{AEDCCE8B-AD1A-D935-51A8-A9BB0D2FCA94}") = "kAI-Example", "Assembly-CSharp-vs.csproj", "{CE414038-3BC4-F22A-4DC6-3C72AA54FC3C}"
EndProject
Global
	GlobalSection(SolutionConfigurationPlatforms) = preSolution
		Debug|Any CPU = Debug|Any CPU
		Release|Any CPU = Release|Any CPU
	EndGlobalSection
	GlobalSection(ProjectConfigurationPlatforms) = postSolution
		{CE414038-3BC4-F22A-4DC6-3C72AA54FC3C}.Debug|Any CPU.ActiveCfg = Debug|Any CPU
		{CE414038-3BC4-F22A-4DC6-3C72AA54FC3C}.Debug|Any CPU.Build.0 = Debug|Any CPU
		{CE414038-3BC4-F22A-4DC6-3C72AA54FC3C}.Release|Any CPU.ActiveCfg = Release|Any CPU
		{CE414038-3BC4-F22A-4DC6-3C72AA54FC3C}.Release|Any CPU.Build.0 = Release|Any CPU
	EndGlobalSection
	GlobalSection(SolutionProperties) = preSolution
		HideSolutionNode = FALSE
	EndGlobalSection
																																							GlobalSection(MonoDevelopProperties) = preSolution
		StartupItem = Assembly-CSharp.csproj
		Policies = $0
		$0.TextStylePolicy = $1
		$1.inheritsSet = null
		$1.scope = text/x-csharp
		$0.CSharpFormattingPolicy = $2
		$2.inheritsSet = Mono
		$2.inheritsScope = text/x-csharp
		$2.scope = text/x-csharp
		$0.TextStylePolicy = $3
		$3.FileWidth = 120
		$3.TabWidth = 4
		$3.EolMarker = Unix
		$3.inheritsSet = Mono
		$3.inheritsScope = text/plain
		$3.scope = text/plain
	EndGlobalSection

EndGlobal
